// !$*UTF8*$!
{
	archiveVersion = 1;
	classes = {
	};
	objectVersion = 50;
	objects = {

/* Begin PBXBuildFile section */
		84FD1B3B2511FC790057B4F8 /* AppDelegate.swift in Sources */ = {isa = PBXBuildFile; fileRef = 84FD1B3A2511FC790057B4F8 /* AppDelegate.swift */; };
		84FD1B3F2511FC790057B4F8 /* ProfileViewController.swift in Sources */ = {isa = PBXBuildFile; fileRef = 84FD1B3E2511FC790057B4F8 /* ProfileViewController.swift */; };
		84FD1B422511FC790057B4F8 /* Main.storyboard in Resources */ = {isa = PBXBuildFile; fileRef = 84FD1B402511FC790057B4F8 /* Main.storyboard */; };
		84FD1B442511FC7C0057B4F8 /* Assets.xcassets in Resources */ = {isa = PBXBuildFile; fileRef = 84FD1B432511FC7C0057B4F8 /* Assets.xcassets */; };
		84FD1B472511FC7C0057B4F8 /* LaunchScreen.storyboard in Resources */ = {isa = PBXBuildFile; fileRef = 84FD1B452511FC7C0057B4F8 /* LaunchScreen.storyboard */; };
		8884E52E251B3A4100B0A994 /* ProfilePresenter.swift in Sources */ = {isa = PBXBuildFile; fileRef = 8884E52D251B3A4100B0A994 /* ProfilePresenter.swift */; };
		8884E532251B3B1800B0A994 /* MainFactory.swift in Sources */ = {isa = PBXBuildFile; fileRef = 8884E531251B3B1800B0A994 /* MainFactory.swift */; };
		8884E536251B3C6900B0A994 /* ViewControllersID.swift in Sources */ = {isa = PBXBuildFile; fileRef = 8884E535251B3C6900B0A994 /* ViewControllersID.swift */; };
		8884E53B251B3CC200B0A994 /* MainIneractor.swift in Sources */ = {isa = PBXBuildFile; fileRef = 8884E53A251B3CC200B0A994 /* MainIneractor.swift */; };
		88C70184251B60E500193710 /* MainPresentersFactory.swift in Sources */ = {isa = PBXBuildFile; fileRef = 88C70183251B60E400193710 /* MainPresentersFactory.swift */; };
		DF6BAAFE2524EC4E00EB10B4 /* ChatStoryboard.storyboard in Resources */ = {isa = PBXBuildFile; fileRef = DF6BAAFD2524EC4E00EB10B4 /* ChatStoryboard.storyboard */; };
		DF6BAB002524ECB900EB10B4 /* ChatListViewController.swift in Sources */ = {isa = PBXBuildFile; fileRef = DF6BAAFF2524ECB900EB10B4 /* ChatListViewController.swift */; };
		DF6BAB032524ECE400EB10B4 /* ChatListPresenter.swift in Sources */ = {isa = PBXBuildFile; fileRef = DF6BAB022524ECE400EB10B4 /* ChatListPresenter.swift */; };
		DF6BAB052524EE7500EB10B4 /* StoryboardsID.swift in Sources */ = {isa = PBXBuildFile; fileRef = DF6BAB042524EE7500EB10B4 /* StoryboardsID.swift */; };
		DF6BAB0A2524F50500EB10B4 /* FlowController.swift in Sources */ = {isa = PBXBuildFile; fileRef = DF6BAB092524F50500EB10B4 /* FlowController.swift */; };
		DF6BAB0D2524F9A200EB10B4 /* ChatListTableViewCell.swift in Sources */ = {isa = PBXBuildFile; fileRef = DF6BAB0B2524F9A200EB10B4 /* ChatListTableViewCell.swift */; };
		DF6BAB0E2524F9A200EB10B4 /* ChatListTableViewCell.xib in Resources */ = {isa = PBXBuildFile; fileRef = DF6BAB0C2524F9A200EB10B4 /* ChatListTableViewCell.xib */; };
		DF6BAB102524FFD200EB10B4 /* ChatModel.swift in Sources */ = {isa = PBXBuildFile; fileRef = DF6BAB0F2524FFD200EB10B4 /* ChatModel.swift */; };
		DF6BAB122525042D00EB10B4 /* Date.swift in Sources */ = {isa = PBXBuildFile; fileRef = DF6BAB112525042D00EB10B4 /* Date.swift */; };
/* End PBXBuildFile section */

/* Begin PBXFileReference section */
		84FD1B372511FC790057B4F8 /* TinkoffChat.app */ = {isa = PBXFileReference; explicitFileType = wrapper.application; includeInIndex = 0; path = TinkoffChat.app; sourceTree = BUILT_PRODUCTS_DIR; };
		84FD1B3A2511FC790057B4F8 /* AppDelegate.swift */ = {isa = PBXFileReference; lastKnownFileType = sourcecode.swift; path = AppDelegate.swift; sourceTree = "<group>"; };
		84FD1B3E2511FC790057B4F8 /* ProfileViewController.swift */ = {isa = PBXFileReference; lastKnownFileType = sourcecode.swift; path = ProfileViewController.swift; sourceTree = "<group>"; };
		84FD1B412511FC790057B4F8 /* Base */ = {isa = PBXFileReference; lastKnownFileType = file.storyboard; name = Base; path = Base.lproj/Main.storyboard; sourceTree = "<group>"; };
		84FD1B432511FC7C0057B4F8 /* Assets.xcassets */ = {isa = PBXFileReference; lastKnownFileType = folder.assetcatalog; path = Assets.xcassets; sourceTree = "<group>"; };
		84FD1B462511FC7C0057B4F8 /* Base */ = {isa = PBXFileReference; lastKnownFileType = file.storyboard; name = Base; path = Base.lproj/LaunchScreen.storyboard; sourceTree = "<group>"; };
		84FD1B482511FC7C0057B4F8 /* Info.plist */ = {isa = PBXFileReference; lastKnownFileType = text.plist.xml; path = Info.plist; sourceTree = "<group>"; };
		8884E52D251B3A4100B0A994 /* ProfilePresenter.swift */ = {isa = PBXFileReference; lastKnownFileType = sourcecode.swift; path = ProfilePresenter.swift; sourceTree = "<group>"; };
		8884E531251B3B1800B0A994 /* MainFactory.swift */ = {isa = PBXFileReference; lastKnownFileType = sourcecode.swift; path = MainFactory.swift; sourceTree = "<group>"; };
		8884E535251B3C6900B0A994 /* ViewControllersID.swift */ = {isa = PBXFileReference; lastKnownFileType = sourcecode.swift; path = ViewControllersID.swift; sourceTree = "<group>"; };
		8884E53A251B3CC200B0A994 /* MainIneractor.swift */ = {isa = PBXFileReference; lastKnownFileType = sourcecode.swift; path = MainIneractor.swift; sourceTree = "<group>"; };
		88C70183251B60E400193710 /* MainPresentersFactory.swift */ = {isa = PBXFileReference; lastKnownFileType = sourcecode.swift; path = MainPresentersFactory.swift; sourceTree = "<group>"; };
		DF6BAAFD2524EC4E00EB10B4 /* ChatStoryboard.storyboard */ = {isa = PBXFileReference; lastKnownFileType = file.storyboard; path = ChatStoryboard.storyboard; sourceTree = "<group>"; };
		DF6BAAFF2524ECB900EB10B4 /* ChatListViewController.swift */ = {isa = PBXFileReference; lastKnownFileType = sourcecode.swift; path = ChatListViewController.swift; sourceTree = "<group>"; };
		DF6BAB022524ECE400EB10B4 /* ChatListPresenter.swift */ = {isa = PBXFileReference; lastKnownFileType = sourcecode.swift; path = ChatListPresenter.swift; sourceTree = "<group>"; };
		DF6BAB042524EE7500EB10B4 /* StoryboardsID.swift */ = {isa = PBXFileReference; lastKnownFileType = sourcecode.swift; path = StoryboardsID.swift; sourceTree = "<group>"; };
		DF6BAB092524F50500EB10B4 /* FlowController.swift */ = {isa = PBXFileReference; lastKnownFileType = sourcecode.swift; path = FlowController.swift; sourceTree = "<group>"; };
		DF6BAB0B2524F9A200EB10B4 /* ChatListTableViewCell.swift */ = {isa = PBXFileReference; lastKnownFileType = sourcecode.swift; path = ChatListTableViewCell.swift; sourceTree = "<group>"; };
		DF6BAB0C2524F9A200EB10B4 /* ChatListTableViewCell.xib */ = {isa = PBXFileReference; lastKnownFileType = file.xib; path = ChatListTableViewCell.xib; sourceTree = "<group>"; };
		DF6BAB0F2524FFD200EB10B4 /* ChatModel.swift */ = {isa = PBXFileReference; lastKnownFileType = sourcecode.swift; path = ChatModel.swift; sourceTree = "<group>"; };
		DF6BAB112525042D00EB10B4 /* Date.swift */ = {isa = PBXFileReference; lastKnownFileType = sourcecode.swift; path = Date.swift; sourceTree = "<group>"; };
/* End PBXFileReference section */

/* Begin PBXFrameworksBuildPhase section */
		84FD1B342511FC790057B4F8 /* Frameworks */ = {
			isa = PBXFrameworksBuildPhase;
			buildActionMask = 2147483647;
			files = (
			);
			runOnlyForDeploymentPostprocessing = 0;
		};
/* End PBXFrameworksBuildPhase section */

/* Begin PBXGroup section */
		84FD1B2E2511FC790057B4F8 = {
			isa = PBXGroup;
			children = (
				84FD1B392511FC790057B4F8 /* TinkoffChat */,
				84FD1B382511FC790057B4F8 /* Products */,
			);
			sourceTree = "<group>";
		};
		84FD1B382511FC790057B4F8 /* Products */ = {
			isa = PBXGroup;
			children = (
				84FD1B372511FC790057B4F8 /* TinkoffChat.app */,
			);
			name = Products;
			sourceTree = "<group>";
		};
		84FD1B392511FC790057B4F8 /* TinkoffChat */ = {
			isa = PBXGroup;
			children = (
				8884E538251B3C6F00B0A994 /* Support */,
				84FD1B3A2511FC790057B4F8 /* AppDelegate.swift */,
				8884E53A251B3CC200B0A994 /* MainIneractor.swift */,
				88C70185251B60F000193710 /* MainFactories */,
				84FD1B8B2512772C0057B4F8 /* ProfileScreen */,
				DF6BAB012524ECBF00EB10B4 /* ChatListScreen */,
				84FD1B8A251277120057B4F8 /* Storyboards & Assets */,
				84FD1B482511FC7C0057B4F8 /* Info.plist */,
			);
			path = TinkoffChat;
			sourceTree = "<group>";
		};
		84FD1B8A251277120057B4F8 /* Storyboards & Assets */ = {
			isa = PBXGroup;
			children = (
				84FD1B402511FC790057B4F8 /* Main.storyboard */,
				84FD1B432511FC7C0057B4F8 /* Assets.xcassets */,
				84FD1B452511FC7C0057B4F8 /* LaunchScreen.storyboard */,
				DF6BAAFD2524EC4E00EB10B4 /* ChatStoryboard.storyboard */,
			);
			path = "Storyboards & Assets";
			sourceTree = "<group>";
		};
		84FD1B8B2512772C0057B4F8 /* ProfileScreen */ = {
			isa = PBXGroup;
			children = (
				84FD1B3E2511FC790057B4F8 /* ProfileViewController.swift */,
				8884E52D251B3A4100B0A994 /* ProfilePresenter.swift */,
			);
			name = ProfileScreen;
			sourceTree = "<group>";
		};
		8884E538251B3C6F00B0A994 /* Support */ = {
			isa = PBXGroup;
			children = (
				8884E535251B3C6900B0A994 /* ViewControllersID.swift */,
				DF6BAB042524EE7500EB10B4 /* StoryboardsID.swift */,
				DF6BAB092524F50500EB10B4 /* FlowController.swift */,
				DF6BAB132525043600EB10B4 /* Extensions */,
			);
			path = Support;
			sourceTree = "<group>";
		};
		88C70185251B60F000193710 /* MainFactories */ = {
			isa = PBXGroup;
			children = (
				8884E531251B3B1800B0A994 /* MainFactory.swift */,
				88C70183251B60E400193710 /* MainPresentersFactory.swift */,
			);
			path = MainFactories;
			sourceTree = "<group>";
		};
		DF6BAB012524ECBF00EB10B4 /* ChatListScreen */ = {
			isa = PBXGroup;
			children = (
				DF6BAAFF2524ECB900EB10B4 /* ChatListViewController.swift */,
				DF6BAB022524ECE400EB10B4 /* ChatListPresenter.swift */,
				DF6BAB0F2524FFD200EB10B4 /* ChatModel.swift */,
				DF6BAB082524F42A00EB10B4 /* Cell */,
			);
			path = ChatListScreen;
			sourceTree = "<group>";
		};
		DF6BAB082524F42A00EB10B4 /* Cell */ = {
			isa = PBXGroup;
			children = (
				DF6BAB0B2524F9A200EB10B4 /* ChatListTableViewCell.swift */,
				DF6BAB0C2524F9A200EB10B4 /* ChatListTableViewCell.xib */,
			);
			path = Cell;
			sourceTree = "<group>";
		};
		DF6BAB132525043600EB10B4 /* Extensions */ = {
			isa = PBXGroup;
			children = (
				DF6BAB112525042D00EB10B4 /* Date.swift */,
			);
			path = Extensions;
			sourceTree = "<group>";
		};
/* End PBXGroup section */

/* Begin PBXNativeTarget section */
		84FD1B362511FC790057B4F8 /* TinkoffChat */ = {
			isa = PBXNativeTarget;
			buildConfigurationList = 84FD1B4B2511FC7C0057B4F8 /* Build configuration list for PBXNativeTarget "TinkoffChat" */;
			buildPhases = (
				84FD1B332511FC790057B4F8 /* Sources */,
				84FD1B342511FC790057B4F8 /* Frameworks */,
				84FD1B352511FC790057B4F8 /* Resources */,
			);
			buildRules = (
			);
			dependencies = (
			);
			name = TinkoffChat;
			productName = TinkoffChat;
			productReference = 84FD1B372511FC790057B4F8 /* TinkoffChat.app */;
			productType = "com.apple.product-type.application";
		};
/* End PBXNativeTarget section */

/* Begin PBXProject section */
		84FD1B2F2511FC790057B4F8 /* Project object */ = {
			isa = PBXProject;
			attributes = {
				LastSwiftUpdateCheck = 1150;
				LastUpgradeCheck = 1150;
				ORGANIZATIONNAME = Admin;
				TargetAttributes = {
					84FD1B362511FC790057B4F8 = {
						CreatedOnToolsVersion = 11.5;
					};
				};
			};
			buildConfigurationList = 84FD1B322511FC790057B4F8 /* Build configuration list for PBXProject "TinkoffChat" */;
			compatibilityVersion = "Xcode 9.3";
			developmentRegion = en;
			hasScannedForEncodings = 0;
			knownRegions = (
				en,
				Base,
			);
			mainGroup = 84FD1B2E2511FC790057B4F8;
			productRefGroup = 84FD1B382511FC790057B4F8 /* Products */;
			projectDirPath = "";
			projectRoot = "";
			targets = (
				84FD1B362511FC790057B4F8 /* TinkoffChat */,
			);
		};
/* End PBXProject section */

/* Begin PBXResourcesBuildPhase section */
		84FD1B352511FC790057B4F8 /* Resources */ = {
			isa = PBXResourcesBuildPhase;
			buildActionMask = 2147483647;
			files = (
				DF6BAB0E2524F9A200EB10B4 /* ChatListTableViewCell.xib in Resources */,
				84FD1B472511FC7C0057B4F8 /* LaunchScreen.storyboard in Resources */,
				DF6BAAFE2524EC4E00EB10B4 /* ChatStoryboard.storyboard in Resources */,
				84FD1B442511FC7C0057B4F8 /* Assets.xcassets in Resources */,
				84FD1B422511FC790057B4F8 /* Main.storyboard in Resources */,
			);
			runOnlyForDeploymentPostprocessing = 0;
		};
/* End PBXResourcesBuildPhase section */

/* Begin PBXSourcesBuildPhase section */
		84FD1B332511FC790057B4F8 /* Sources */ = {
			isa = PBXSourcesBuildPhase;
			buildActionMask = 2147483647;
			files = (
				84FD1B3F2511FC790057B4F8 /* ProfileViewController.swift in Sources */,
				8884E532251B3B1800B0A994 /* MainFactory.swift in Sources */,
				8884E536251B3C6900B0A994 /* ViewControllersID.swift in Sources */,
				DF6BAB052524EE7500EB10B4 /* StoryboardsID.swift in Sources */,
				DF6BAB032524ECE400EB10B4 /* ChatListPresenter.swift in Sources */,
				DF6BAB002524ECB900EB10B4 /* ChatListViewController.swift in Sources */,
				84FD1B3B2511FC790057B4F8 /* AppDelegate.swift in Sources */,
				8884E53B251B3CC200B0A994 /* MainIneractor.swift in Sources */,
				8884E52E251B3A4100B0A994 /* ProfilePresenter.swift in Sources */,
				DF6BAB122525042D00EB10B4 /* Date.swift in Sources */,
				DF6BAB0D2524F9A200EB10B4 /* ChatListTableViewCell.swift in Sources */,
				88C70184251B60E500193710 /* MainPresentersFactory.swift in Sources */,
				DF6BAB102524FFD200EB10B4 /* ChatModel.swift in Sources */,
				DF6BAB0A2524F50500EB10B4 /* FlowController.swift in Sources */,
			);
			runOnlyForDeploymentPostprocessing = 0;
		};
/* End PBXSourcesBuildPhase section */

/* Begin PBXVariantGroup section */
		84FD1B402511FC790057B4F8 /* Main.storyboard */ = {
			isa = PBXVariantGroup;
			children = (
				84FD1B412511FC790057B4F8 /* Base */,
			);
			name = Main.storyboard;
			sourceTree = "<group>";
		};
		84FD1B452511FC7C0057B4F8 /* LaunchScreen.storyboard */ = {
			isa = PBXVariantGroup;
			children = (
				84FD1B462511FC7C0057B4F8 /* Base */,
			);
			name = LaunchScreen.storyboard;
			sourceTree = "<group>";
		};
/* End PBXVariantGroup section */

/* Begin XCBuildConfiguration section */
		84FD1B492511FC7C0057B4F8 /* Debug */ = {
			isa = XCBuildConfiguration;
			buildSettings = {
				ALWAYS_SEARCH_USER_PATHS = NO;
				CLANG_ANALYZER_NONNULL = YES;
				CLANG_ANALYZER_NUMBER_OBJECT_CONVERSION = YES_AGGRESSIVE;
				CLANG_CXX_LANGUAGE_STANDARD = "gnu++14";
				CLANG_CXX_LIBRARY = "libc++";
				CLANG_ENABLE_MODULES = YES;
				CLANG_ENABLE_OBJC_ARC = YES;
				CLANG_ENABLE_OBJC_WEAK = YES;
				CLANG_WARN_BLOCK_CAPTURE_AUTORELEASING = YES;
				CLANG_WARN_BOOL_CONVERSION = YES;
				CLANG_WARN_COMMA = YES;
				CLANG_WARN_CONSTANT_CONVERSION = YES;
				CLANG_WARN_DEPRECATED_OBJC_IMPLEMENTATIONS = YES;
				CLANG_WARN_DIRECT_OBJC_ISA_USAGE = YES_ERROR;
				CLANG_WARN_DOCUMENTATION_COMMENTS = YES;
				CLANG_WARN_EMPTY_BODY = YES;
				CLANG_WARN_ENUM_CONVERSION = YES;
				CLANG_WARN_INFINITE_RECURSION = YES;
				CLANG_WARN_INT_CONVERSION = YES;
				CLANG_WARN_NON_LITERAL_NULL_CONVERSION = YES;
				CLANG_WARN_OBJC_IMPLICIT_RETAIN_SELF = YES;
				CLANG_WARN_OBJC_LITERAL_CONVERSION = YES;
				CLANG_WARN_OBJC_ROOT_CLASS = YES_ERROR;
				CLANG_WARN_RANGE_LOOP_ANALYSIS = YES;
				CLANG_WARN_STRICT_PROTOTYPES = YES;
				CLANG_WARN_SUSPICIOUS_MOVE = YES;
				CLANG_WARN_UNGUARDED_AVAILABILITY = YES_AGGRESSIVE;
				CLANG_WARN_UNREACHABLE_CODE = YES;
				CLANG_WARN__DUPLICATE_METHOD_MATCH = YES;
				COPY_PHASE_STRIP = NO;
				DEBUG_INFORMATION_FORMAT = dwarf;
				ENABLE_STRICT_OBJC_MSGSEND = YES;
				ENABLE_TESTABILITY = YES;
				GCC_C_LANGUAGE_STANDARD = gnu11;
				GCC_DYNAMIC_NO_PIC = NO;
				GCC_NO_COMMON_BLOCKS = YES;
				GCC_OPTIMIZATION_LEVEL = 0;
				GCC_PREPROCESSOR_DEFINITIONS = (
					"DEBUG=1",
					"$(inherited)",
				);
				GCC_WARN_64_TO_32_BIT_CONVERSION = YES;
				GCC_WARN_ABOUT_RETURN_TYPE = YES_ERROR;
				GCC_WARN_UNDECLARED_SELECTOR = YES;
				GCC_WARN_UNINITIALIZED_AUTOS = YES_AGGRESSIVE;
				GCC_WARN_UNUSED_FUNCTION = YES;
				GCC_WARN_UNUSED_VARIABLE = YES;
				IPHONEOS_DEPLOYMENT_TARGET = 12.0;
				MTL_ENABLE_DEBUG_INFO = INCLUDE_SOURCE;
				MTL_FAST_MATH = YES;
				ONLY_ACTIVE_ARCH = YES;
				SDKROOT = iphoneos;
				SWIFT_ACTIVE_COMPILATION_CONDITIONS = DEBUG;
				SWIFT_OPTIMIZATION_LEVEL = "-Onone";
			};
			name = Debug;
		};
		84FD1B4A2511FC7C0057B4F8 /* Release */ = {
			isa = XCBuildConfiguration;
			buildSettings = {
				ALWAYS_SEARCH_USER_PATHS = NO;
				CLANG_ANALYZER_NONNULL = YES;
				CLANG_ANALYZER_NUMBER_OBJECT_CONVERSION = YES_AGGRESSIVE;
				CLANG_CXX_LANGUAGE_STANDARD = "gnu++14";
				CLANG_CXX_LIBRARY = "libc++";
				CLANG_ENABLE_MODULES = YES;
				CLANG_ENABLE_OBJC_ARC = YES;
				CLANG_ENABLE_OBJC_WEAK = YES;
				CLANG_WARN_BLOCK_CAPTURE_AUTORELEASING = YES;
				CLANG_WARN_BOOL_CONVERSION = YES;
				CLANG_WARN_COMMA = YES;
				CLANG_WARN_CONSTANT_CONVERSION = YES;
				CLANG_WARN_DEPRECATED_OBJC_IMPLEMENTATIONS = YES;
				CLANG_WARN_DIRECT_OBJC_ISA_USAGE = YES_ERROR;
				CLANG_WARN_DOCUMENTATION_COMMENTS = YES;
				CLANG_WARN_EMPTY_BODY = YES;
				CLANG_WARN_ENUM_CONVERSION = YES;
				CLANG_WARN_INFINITE_RECURSION = YES;
				CLANG_WARN_INT_CONVERSION = YES;
				CLANG_WARN_NON_LITERAL_NULL_CONVERSION = YES;
				CLANG_WARN_OBJC_IMPLICIT_RETAIN_SELF = YES;
				CLANG_WARN_OBJC_LITERAL_CONVERSION = YES;
				CLANG_WARN_OBJC_ROOT_CLASS = YES_ERROR;
				CLANG_WARN_RANGE_LOOP_ANALYSIS = YES;
				CLANG_WARN_STRICT_PROTOTYPES = YES;
				CLANG_WARN_SUSPICIOUS_MOVE = YES;
				CLANG_WARN_UNGUARDED_AVAILABILITY = YES_AGGRESSIVE;
				CLANG_WARN_UNREACHABLE_CODE = YES;
				CLANG_WARN__DUPLICATE_METHOD_MATCH = YES;
				COPY_PHASE_STRIP = NO;
				DEBUG_INFORMATION_FORMAT = "dwarf-with-dsym";
				ENABLE_NS_ASSERTIONS = NO;
				ENABLE_STRICT_OBJC_MSGSEND = YES;
				GCC_C_LANGUAGE_STANDARD = gnu11;
				GCC_NO_COMMON_BLOCKS = YES;
				GCC_WARN_64_TO_32_BIT_CONVERSION = YES;
				GCC_WARN_ABOUT_RETURN_TYPE = YES_ERROR;
				GCC_WARN_UNDECLARED_SELECTOR = YES;
				GCC_WARN_UNINITIALIZED_AUTOS = YES_AGGRESSIVE;
				GCC_WARN_UNUSED_FUNCTION = YES;
				GCC_WARN_UNUSED_VARIABLE = YES;
				IPHONEOS_DEPLOYMENT_TARGET = 12.0;
				MTL_ENABLE_DEBUG_INFO = NO;
				MTL_FAST_MATH = YES;
				SDKROOT = iphoneos;
				SWIFT_COMPILATION_MODE = wholemodule;
				SWIFT_OPTIMIZATION_LEVEL = "-O";
				VALIDATE_PRODUCT = YES;
			};
			name = Release;
		};
		84FD1B4C2511FC7C0057B4F8 /* Debug */ = {
			isa = XCBuildConfiguration;
			buildSettings = {
				ASSETCATALOG_COMPILER_APPICON_NAME = AppIcon;
				CODE_SIGN_STYLE = Automatic;
				INFOPLIST_FILE = TinkoffChat/Info.plist;
				LD_RUNPATH_SEARCH_PATHS = (
					"$(inherited)",
					"@executable_path/Frameworks",
				);
				PRODUCT_BUNDLE_IDENTIFIER = Admin.TinkoffChat;
				PRODUCT_NAME = "$(TARGET_NAME)";
				SWIFT_VERSION = 5.0;
				TARGETED_DEVICE_FAMILY = 1;
			};
			name = Debug;
		};
		84FD1B4D2511FC7C0057B4F8 /* Release */ = {
			isa = XCBuildConfiguration;
			buildSettings = {
				ASSETCATALOG_COMPILER_APPICON_NAME = AppIcon;
				CODE_SIGN_STYLE = Automatic;
				INFOPLIST_FILE = TinkoffChat/Info.plist;
				LD_RUNPATH_SEARCH_PATHS = (
					"$(inherited)",
					"@executable_path/Frameworks",
				);
				PRODUCT_BUNDLE_IDENTIFIER = Admin.TinkoffChat;
				PRODUCT_NAME = "$(TARGET_NAME)";
				SWIFT_VERSION = 5.0;
				TARGETED_DEVICE_FAMILY = 1;
			};
			name = Release;
		};
/* End XCBuildConfiguration section */

/* Begin XCConfigurationList section */
		84FD1B322511FC790057B4F8 /* Build configuration list for PBXProject "TinkoffChat" */ = {
			isa = XCConfigurationList;
			buildConfigurations = (
				84FD1B492511FC7C0057B4F8 /* Debug */,
				84FD1B4A2511FC7C0057B4F8 /* Release */,
			);
			defaultConfigurationIsVisible = 0;
			defaultConfigurationName = Release;
		};
		84FD1B4B2511FC7C0057B4F8 /* Build configuration list for PBXNativeTarget "TinkoffChat" */ = {
			isa = XCConfigurationList;
			buildConfigurations = (
				84FD1B4C2511FC7C0057B4F8 /* Debug */,
				84FD1B4D2511FC7C0057B4F8 /* Release */,
			);
			defaultConfigurationIsVisible = 0;
			defaultConfigurationName = Release;
		};
/* End XCConfigurationList section */
	};
	rootObject = 84FD1B2F2511FC790057B4F8 /* Project object */;
}
